
Microsoft Visual Studio Solution File, Format Version 12.00
# Visual Studio Version 17
VisualStudioVersion = 17.3.32929.385
MinimumVisualStudioVersion = 10.0.40219.1
Project("{FAE04EC0-301F-11D3-BF4B-00C04F79EFBC}") = "WPFApp_Controles", "WPFApp_Controles.csproj", "{4A23D19D-7B66-48CA-B806-24349D2F99A6}"
EndProject
Global
	GlobalSection(SolutionConfigurationPlatforms) = preSolution
		Debug|Any CPU = Debug|Any CPU
		Release|Any CPU = Release|Any CPU
	EndGlobalSection
	GlobalSection(ProjectConfigurationPlatforms) = postSolution
		{4A23D19D-7B66-48CA-B806-24349D2F99A6}.Debug|Any CPU.ActiveCfg = Debug|Any CPU
		{4A23D19D-7B66-48CA-B806-24349D2F99A6}.Debug|Any CPU.Build.0 = Debug|Any CPU
		{4A23D19D-7B66-48CA-B806-24349D2F99A6}.Release|Any CPU.ActiveCfg = Release|Any CPU
		{4A23D19D-7B66-48CA-B806-24349D2F99A6}.Release|Any CPU.Build.0 = Release|Any CPU
	EndGlobalSection
	GlobalSection(SolutionProperties) = preSolution
		HideSolutionNode = FALSE
	EndGlobalSection
	GlobalSection(ExtensibilityGlobals) = postSolution
		SolutionGuid = {3136F447-8310-42D0-8892-3A7DDCD8DDD4}
	EndGlobalSection
EndGlobal
