
Microsoft Visual Studio Solution File, Format Version 12.00
# Visual Studio Version 17
VisualStudioVersion = 17.4.33205.214
MinimumVisualStudioVersion = 10.0.40219.1
Project("{FAE04EC0-301F-11D3-BF4B-00C04F79EFBC}") = "ConsoleApp_POO", "ConsoleApp_POO.csproj", "{69B692C3-DE64-46F6-B38C-68D78EC177C5}"
EndProject
Global
	GlobalSection(SolutionConfigurationPlatforms) = preSolution
		Debug|Any CPU = Debug|Any CPU
		Release|Any CPU = Release|Any CPU
	EndGlobalSection
	GlobalSection(ProjectConfigurationPlatforms) = postSolution
		{69B692C3-DE64-46F6-B38C-68D78EC177C5}.Debug|Any CPU.ActiveCfg = Debug|Any CPU
		{69B692C3-DE64-46F6-B38C-68D78EC177C5}.Debug|Any CPU.Build.0 = Debug|Any CPU
		{69B692C3-DE64-46F6-B38C-68D78EC177C5}.Release|Any CPU.ActiveCfg = Release|Any CPU
		{69B692C3-DE64-46F6-B38C-68D78EC177C5}.Release|Any CPU.Build.0 = Release|Any CPU
	EndGlobalSection
	GlobalSection(SolutionProperties) = preSolution
		HideSolutionNode = FALSE
	EndGlobalSection
	GlobalSection(ExtensibilityGlobals) = postSolution
		SolutionGuid = {CC9B7412-265F-433A-8134-45F2186344EF}
	EndGlobalSection
EndGlobal
