
Microsoft Visual Studio Solution File, Format Version 12.00
# Visual Studio Version 17
VisualStudioVersion = 17.4.33205.214
MinimumVisualStudioVersion = 10.0.40219.1
Project("{9A19103F-16F7-4668-BE54-9A1E7A4F7556}") = "ConsoleApp_Excepciones", "ConsoleApp_Excepciones.csproj", "{4F4EDD01-7966-48B9-B483-2379A3C68236}"
EndProject
Project("{2150E333-8FDC-42A3-9474-1A3956D46DE8}") = "Elementos de la solución", "Elementos de la solución", "{B9A6D523-00F9-4C5B-83FF-107AF0CE6496}"
EndProject
Global
	GlobalSection(SolutionConfigurationPlatforms) = preSolution
		Debug|Any CPU = Debug|Any CPU
		Release|Any CPU = Release|Any CPU
	EndGlobalSection
	GlobalSection(ProjectConfigurationPlatforms) = postSolution
		{4F4EDD01-7966-48B9-B483-2379A3C68236}.Debug|Any CPU.ActiveCfg = Debug|Any CPU
		{4F4EDD01-7966-48B9-B483-2379A3C68236}.Debug|Any CPU.Build.0 = Debug|Any CPU
		{4F4EDD01-7966-48B9-B483-2379A3C68236}.Release|Any CPU.ActiveCfg = Release|Any CPU
		{4F4EDD01-7966-48B9-B483-2379A3C68236}.Release|Any CPU.Build.0 = Release|Any CPU
	EndGlobalSection
	GlobalSection(SolutionProperties) = preSolution
		HideSolutionNode = FALSE
	EndGlobalSection
	GlobalSection(ExtensibilityGlobals) = postSolution
		SolutionGuid = {4AD3F98B-D104-4880-A4D0-0207AEF68B8E}
	EndGlobalSection
EndGlobal
