
Microsoft Visual Studio Solution File, Format Version 12.00
# Visual Studio Version 17
VisualStudioVersion = 17.4.33205.214
MinimumVisualStudioVersion = 10.0.40219.1
Project("{FAE04EC0-301F-11D3-BF4B-00C04F79EFBC}") = "ConsoleApp_Genericos", "ConsoleApp_Genericos.csproj", "{4A34DDF2-630F-49DE-A5B9-05CD6CE1D328}"
EndProject
Global
	GlobalSection(SolutionConfigurationPlatforms) = preSolution
		Debug|Any CPU = Debug|Any CPU
		Release|Any CPU = Release|Any CPU
	EndGlobalSection
	GlobalSection(ProjectConfigurationPlatforms) = postSolution
		{4A34DDF2-630F-49DE-A5B9-05CD6CE1D328}.Debug|Any CPU.ActiveCfg = Debug|Any CPU
		{4A34DDF2-630F-49DE-A5B9-05CD6CE1D328}.Debug|Any CPU.Build.0 = Debug|Any CPU
		{4A34DDF2-630F-49DE-A5B9-05CD6CE1D328}.Release|Any CPU.ActiveCfg = Release|Any CPU
		{4A34DDF2-630F-49DE-A5B9-05CD6CE1D328}.Release|Any CPU.Build.0 = Release|Any CPU
	EndGlobalSection
	GlobalSection(SolutionProperties) = preSolution
		HideSolutionNode = FALSE
	EndGlobalSection
	GlobalSection(ExtensibilityGlobals) = postSolution
		SolutionGuid = {0A6676C3-AB7D-4164-87BD-91E49DB8B709}
	EndGlobalSection
EndGlobal
